// !$*UTF8*$!
{
	archiveVersion = 1;
	classes = {
	};
	objectVersion = 55;
	objects = {

/* Begin PBXBuildFile section */
		584809C3AC4F5607B3AEFC5B /* Pods_Reciplease_RecipleaseTests.framework in Frameworks */ = {isa = PBXBuildFile; fileRef = C90159D9691C470CA38316C6 /* Pods_Reciplease_RecipleaseTests.framework */; };
		96ED6EE5CEC5F4FCA388C649 /* Pods_Reciplease.framework in Frameworks */ = {isa = PBXBuildFile; fileRef = BD189F8D6BF0FB86ED13636A /* Pods_Reciplease.framework */; };
		C816FC8D2785968400B4B4A3 /* Hit.swift in Sources */ = {isa = PBXBuildFile; fileRef = C816FC8C2785968400B4B4A3 /* Hit.swift */; };
		C816FC93278596B600B4B4A3 /* Recipe.swift in Sources */ = {isa = PBXBuildFile; fileRef = C816FC92278596B600B4B4A3 /* Recipe.swift */; };
		C83BEDC6278C8EED00370AC7 /* RecipeTableViewCell.swift in Sources */ = {isa = PBXBuildFile; fileRef = C83BEDC4278C8EED00370AC7 /* RecipeTableViewCell.swift */; };
		C83BEDC7278C8EED00370AC7 /* RecipeTableViewCell.xib in Resources */ = {isa = PBXBuildFile; fileRef = C83BEDC5278C8EED00370AC7 /* RecipeTableViewCell.xib */; };
		C83BEDCD2791833600370AC7 /* Reciplease.xcdatamodeld in Sources */ = {isa = PBXBuildFile; fileRef = C83BEDCB2791833600370AC7 /* Reciplease.xcdatamodeld */; };
		C83BEDD32791D4F000370AC7 /* CoreDataStack.swift in Sources */ = {isa = PBXBuildFile; fileRef = C83BEDD22791D4F000370AC7 /* CoreDataStack.swift */; };
		C83BEDD52791DC7600370AC7 /* RecipeEntity.swift in Sources */ = {isa = PBXBuildFile; fileRef = C83BEDD42791DC7600370AC7 /* RecipeEntity.swift */; };
		C83FEAF727844BF700E063F5 /* Recipes.swift in Sources */ = {isa = PBXBuildFile; fileRef = C83FEAF627844BF700E063F5 /* Recipes.swift */; };
		C865A5282785F18F00FF98D0 /* Utils.swift in Sources */ = {isa = PBXBuildFile; fileRef = C865A5272785F18F00FF98D0 /* Utils.swift */; };
		C865A52E278C362800FF98D0 /* Alert.swift in Sources */ = {isa = PBXBuildFile; fileRef = C865A52D278C362800FF98D0 /* Alert.swift */; };
		C8ADDA7427DF3D16006D5D17 /* Indicator.swift in Sources */ = {isa = PBXBuildFile; fileRef = C8ADDA7327DF3D16006D5D17 /* Indicator.swift */; };
		C8ADE22527A9777100D89070 /* RecipesFavoritesViewController.swift in Sources */ = {isa = PBXBuildFile; fileRef = C8ADE22427A9777100D89070 /* RecipesFavoritesViewController.swift */; };
		C8ADE23527A9807000D89070 /* CoreDataTestCase.swift in Sources */ = {isa = PBXBuildFile; fileRef = C8ADE23427A9807000D89070 /* CoreDataTestCase.swift */; };
		C8ADE23827A985A200D89070 /* EdamamRecipes.json in Resources */ = {isa = PBXBuildFile; fileRef = C8ADE23727A985A200D89070 /* EdamamRecipes.json */; };
		C8ADE23A27A985D600D89070 /* FakeResponseData.swift in Sources */ = {isa = PBXBuildFile; fileRef = C8ADE23927A985D600D89070 /* FakeResponseData.swift */; };
		C8ADE23C27A9861D00D89070 /* EdamamServiceTestCase.swift in Sources */ = {isa = PBXBuildFile; fileRef = C8ADE23B27A9861D00D89070 /* EdamamServiceTestCase.swift */; };
		C8ADE23E27A9863700D89070 /* UtilsTestCase.swift in Sources */ = {isa = PBXBuildFile; fileRef = C8ADE23D27A9863700D89070 /* UtilsTestCase.swift */; };
		C8E348AC277479E90091D0DE /* AppDelegate.swift in Sources */ = {isa = PBXBuildFile; fileRef = C8E348AB277479E90091D0DE /* AppDelegate.swift */; };
		C8E348AE277479E90091D0DE /* SceneDelegate.swift in Sources */ = {isa = PBXBuildFile; fileRef = C8E348AD277479E90091D0DE /* SceneDelegate.swift */; };
		C8E348B0277479E90091D0DE /* SearchViewController.swift in Sources */ = {isa = PBXBuildFile; fileRef = C8E348AF277479E90091D0DE /* SearchViewController.swift */; };
		C8E348B3277479E90091D0DE /* Main.storyboard in Resources */ = {isa = PBXBuildFile; fileRef = C8E348B1277479E90091D0DE /* Main.storyboard */; };
		C8E348B5277479ED0091D0DE /* Assets.xcassets in Resources */ = {isa = PBXBuildFile; fileRef = C8E348B4277479ED0091D0DE /* Assets.xcassets */; };
		C8E348B8277479ED0091D0DE /* LaunchScreen.storyboard in Resources */ = {isa = PBXBuildFile; fileRef = C8E348B6277479ED0091D0DE /* LaunchScreen.storyboard */; };
		C8E348C62774C0510091D0DE /* FrederickatheGreat-Regular.ttf in Resources */ = {isa = PBXBuildFile; fileRef = C8E348C52774C0510091D0DE /* FrederickatheGreat-Regular.ttf */; };
		C8E348CA277B706A0091D0DE /* RecipesListViewController.swift in Sources */ = {isa = PBXBuildFile; fileRef = C8E348C9277B706A0091D0DE /* RecipesListViewController.swift */; };
		C8E348CF277F031A0091D0DE /* Capitalize.swift in Sources */ = {isa = PBXBuildFile; fileRef = C8E348CE277F031A0091D0DE /* Capitalize.swift */; };
		C8E348D1277F0EB80091D0DE /* RecipeDetailViewController.swift in Sources */ = {isa = PBXBuildFile; fileRef = C8E348D0277F0EB80091D0DE /* RecipeDetailViewController.swift */; };
		C8E348D5278330140091D0DE /* EdamamService.swift in Sources */ = {isa = PBXBuildFile; fileRef = C8E348D4278330140091D0DE /* EdamamService.swift */; };
		C8E348D7278330730091D0DE /* ServiceURL.swift in Sources */ = {isa = PBXBuildFile; fileRef = C8E348D6278330730091D0DE /* ServiceURL.swift */; };
		C8E348DB27833D430091D0DE /* APIKey.swift in Sources */ = {isa = PBXBuildFile; fileRef = C8E348DA27833D430091D0DE /* APIKey.swift */; };
/* End PBXBuildFile section */

/* Begin PBXContainerItemProxy section */
		C8ADE22F27A97FA800D89070 /* PBXContainerItemProxy */ = {
			isa = PBXContainerItemProxy;
			containerPortal = C8E348A0277479E90091D0DE /* Project object */;
			proxyType = 1;
			remoteGlobalIDString = C8E348A7277479E90091D0DE;
			remoteInfo = Reciplease;
		};
/* End PBXContainerItemProxy section */

/* Begin PBXFileReference section */
		2BC80B127BBD1C507ABF1D1A /* Pods-Reciplease.release.xcconfig */ = {isa = PBXFileReference; includeInIndex = 1; lastKnownFileType = text.xcconfig; name = "Pods-Reciplease.release.xcconfig"; path = "Target Support Files/Pods-Reciplease/Pods-Reciplease.release.xcconfig"; sourceTree = "<group>"; };
		58D659DBB8C4CE42FE66A897 /* Pods-Reciplease-RecipleaseTests.debug.xcconfig */ = {isa = PBXFileReference; includeInIndex = 1; lastKnownFileType = text.xcconfig; name = "Pods-Reciplease-RecipleaseTests.debug.xcconfig"; path = "Target Support Files/Pods-Reciplease-RecipleaseTests/Pods-Reciplease-RecipleaseTests.debug.xcconfig"; sourceTree = "<group>"; };
		5BAAA9D501F58669C5C628D7 /* Pods-Reciplease-RecipleaseTests.release.xcconfig */ = {isa = PBXFileReference; includeInIndex = 1; lastKnownFileType = text.xcconfig; name = "Pods-Reciplease-RecipleaseTests.release.xcconfig"; path = "Target Support Files/Pods-Reciplease-RecipleaseTests/Pods-Reciplease-RecipleaseTests.release.xcconfig"; sourceTree = "<group>"; };
		71EE8D601E0A1A78AD19EC96 /* Pods-Reciplease.debug.xcconfig */ = {isa = PBXFileReference; includeInIndex = 1; lastKnownFileType = text.xcconfig; name = "Pods-Reciplease.debug.xcconfig"; path = "Target Support Files/Pods-Reciplease/Pods-Reciplease.debug.xcconfig"; sourceTree = "<group>"; };
		BD189F8D6BF0FB86ED13636A /* Pods_Reciplease.framework */ = {isa = PBXFileReference; explicitFileType = wrapper.framework; includeInIndex = 0; path = Pods_Reciplease.framework; sourceTree = BUILT_PRODUCTS_DIR; };
		C816FC8C2785968400B4B4A3 /* Hit.swift */ = {isa = PBXFileReference; lastKnownFileType = sourcecode.swift; path = Hit.swift; sourceTree = "<group>"; };
		C816FC92278596B600B4B4A3 /* Recipe.swift */ = {isa = PBXFileReference; lastKnownFileType = sourcecode.swift; path = Recipe.swift; sourceTree = "<group>"; };
		C83BEDC4278C8EED00370AC7 /* RecipeTableViewCell.swift */ = {isa = PBXFileReference; lastKnownFileType = sourcecode.swift; path = RecipeTableViewCell.swift; sourceTree = "<group>"; };
		C83BEDC5278C8EED00370AC7 /* RecipeTableViewCell.xib */ = {isa = PBXFileReference; lastKnownFileType = file.xib; path = RecipeTableViewCell.xib; sourceTree = "<group>"; };
		C83BEDCC2791833600370AC7 /* Reciplease.xcdatamodel */ = {isa = PBXFileReference; lastKnownFileType = wrapper.xcdatamodel; path = Reciplease.xcdatamodel; sourceTree = "<group>"; };
		C83BEDD22791D4F000370AC7 /* CoreDataStack.swift */ = {isa = PBXFileReference; lastKnownFileType = sourcecode.swift; path = CoreDataStack.swift; sourceTree = "<group>"; };
		C83BEDD42791DC7600370AC7 /* RecipeEntity.swift */ = {isa = PBXFileReference; lastKnownFileType = sourcecode.swift; path = RecipeEntity.swift; sourceTree = "<group>"; };
		C83FEAF627844BF700E063F5 /* Recipes.swift */ = {isa = PBXFileReference; lastKnownFileType = sourcecode.swift; path = Recipes.swift; sourceTree = "<group>"; };
		C865A5272785F18F00FF98D0 /* Utils.swift */ = {isa = PBXFileReference; lastKnownFileType = sourcecode.swift; path = Utils.swift; sourceTree = "<group>"; };
		C865A52D278C362800FF98D0 /* Alert.swift */ = {isa = PBXFileReference; lastKnownFileType = sourcecode.swift; path = Alert.swift; sourceTree = "<group>"; };
		C8ADDA7327DF3D16006D5D17 /* Indicator.swift */ = {isa = PBXFileReference; lastKnownFileType = sourcecode.swift; path = Indicator.swift; sourceTree = "<group>"; };
		C8ADE22427A9777100D89070 /* RecipesFavoritesViewController.swift */ = {isa = PBXFileReference; lastKnownFileType = sourcecode.swift; path = RecipesFavoritesViewController.swift; sourceTree = "<group>"; };
		C8ADE22B27A97FA800D89070 /* RecipleaseTests.xctest */ = {isa = PBXFileReference; explicitFileType = wrapper.cfbundle; includeInIndex = 0; path = RecipleaseTests.xctest; sourceTree = BUILT_PRODUCTS_DIR; };
		C8ADE23427A9807000D89070 /* CoreDataTestCase.swift */ = {isa = PBXFileReference; lastKnownFileType = sourcecode.swift; path = CoreDataTestCase.swift; sourceTree = "<group>"; };
		C8ADE23727A985A200D89070 /* EdamamRecipes.json */ = {isa = PBXFileReference; lastKnownFileType = text.json; path = EdamamRecipes.json; sourceTree = "<group>"; };
		C8ADE23927A985D600D89070 /* FakeResponseData.swift */ = {isa = PBXFileReference; lastKnownFileType = sourcecode.swift; path = FakeResponseData.swift; sourceTree = "<group>"; };
		C8ADE23B27A9861D00D89070 /* EdamamServiceTestCase.swift */ = {isa = PBXFileReference; lastKnownFileType = sourcecode.swift; path = EdamamServiceTestCase.swift; sourceTree = "<group>"; };
		C8ADE23D27A9863700D89070 /* UtilsTestCase.swift */ = {isa = PBXFileReference; lastKnownFileType = sourcecode.swift; path = UtilsTestCase.swift; sourceTree = "<group>"; };
		C8E348A8277479E90091D0DE /* Reciplease.app */ = {isa = PBXFileReference; explicitFileType = wrapper.application; includeInIndex = 0; path = Reciplease.app; sourceTree = BUILT_PRODUCTS_DIR; };
		C8E348AB277479E90091D0DE /* AppDelegate.swift */ = {isa = PBXFileReference; lastKnownFileType = sourcecode.swift; path = AppDelegate.swift; sourceTree = "<group>"; };
		C8E348AD277479E90091D0DE /* SceneDelegate.swift */ = {isa = PBXFileReference; lastKnownFileType = sourcecode.swift; path = SceneDelegate.swift; sourceTree = "<group>"; };
		C8E348AF277479E90091D0DE /* SearchViewController.swift */ = {isa = PBXFileReference; lastKnownFileType = sourcecode.swift; path = SearchViewController.swift; sourceTree = "<group>"; };
		C8E348B2277479E90091D0DE /* Base */ = {isa = PBXFileReference; lastKnownFileType = file.storyboard; name = Base; path = Base.lproj/Main.storyboard; sourceTree = "<group>"; };
		C8E348B4277479ED0091D0DE /* Assets.xcassets */ = {isa = PBXFileReference; lastKnownFileType = folder.assetcatalog; path = Assets.xcassets; sourceTree = "<group>"; };
		C8E348B7277479ED0091D0DE /* Base */ = {isa = PBXFileReference; lastKnownFileType = file.storyboard; name = Base; path = Base.lproj/LaunchScreen.storyboard; sourceTree = "<group>"; };
		C8E348B9277479ED0091D0DE /* Info.plist */ = {isa = PBXFileReference; lastKnownFileType = text.plist.xml; path = Info.plist; sourceTree = "<group>"; };
		C8E348C52774C0510091D0DE /* FrederickatheGreat-Regular.ttf */ = {isa = PBXFileReference; lastKnownFileType = file; path = "FrederickatheGreat-Regular.ttf"; sourceTree = "<group>"; };
		C8E348C9277B706A0091D0DE /* RecipesListViewController.swift */ = {isa = PBXFileReference; lastKnownFileType = sourcecode.swift; path = RecipesListViewController.swift; sourceTree = "<group>"; };
		C8E348CE277F031A0091D0DE /* Capitalize.swift */ = {isa = PBXFileReference; lastKnownFileType = sourcecode.swift; path = Capitalize.swift; sourceTree = "<group>"; };
		C8E348D0277F0EB80091D0DE /* RecipeDetailViewController.swift */ = {isa = PBXFileReference; lastKnownFileType = sourcecode.swift; path = RecipeDetailViewController.swift; sourceTree = "<group>"; };
		C8E348D4278330140091D0DE /* EdamamService.swift */ = {isa = PBXFileReference; lastKnownFileType = sourcecode.swift; path = EdamamService.swift; sourceTree = "<group>"; };
		C8E348D6278330730091D0DE /* ServiceURL.swift */ = {isa = PBXFileReference; lastKnownFileType = sourcecode.swift; path = ServiceURL.swift; sourceTree = "<group>"; };
		C8E348DA27833D430091D0DE /* APIKey.swift */ = {isa = PBXFileReference; lastKnownFileType = sourcecode.swift; path = APIKey.swift; sourceTree = "<group>"; };
		C90159D9691C470CA38316C6 /* Pods_Reciplease_RecipleaseTests.framework */ = {isa = PBXFileReference; explicitFileType = wrapper.framework; includeInIndex = 0; path = Pods_Reciplease_RecipleaseTests.framework; sourceTree = BUILT_PRODUCTS_DIR; };
/* End PBXFileReference section */

/* Begin PBXFrameworksBuildPhase section */
		C8ADE22827A97FA800D89070 /* Frameworks */ = {
			isa = PBXFrameworksBuildPhase;
			buildActionMask = 2147483647;
			files = (
				584809C3AC4F5607B3AEFC5B /* Pods_Reciplease_RecipleaseTests.framework in Frameworks */,
			);
			runOnlyForDeploymentPostprocessing = 0;
		};
		C8E348A5277479E90091D0DE /* Frameworks */ = {
			isa = PBXFrameworksBuildPhase;
			buildActionMask = 2147483647;
			files = (
				96ED6EE5CEC5F4FCA388C649 /* Pods_Reciplease.framework in Frameworks */,
			);
			runOnlyForDeploymentPostprocessing = 0;
		};
/* End PBXFrameworksBuildPhase section */

/* Begin PBXGroup section */
		76C873934A1C0B53905F64C5 /* Pods */ = {
			isa = PBXGroup;
			children = (
				71EE8D601E0A1A78AD19EC96 /* Pods-Reciplease.debug.xcconfig */,
				2BC80B127BBD1C507ABF1D1A /* Pods-Reciplease.release.xcconfig */,
				58D659DBB8C4CE42FE66A897 /* Pods-Reciplease-RecipleaseTests.debug.xcconfig */,
				5BAAA9D501F58669C5C628D7 /* Pods-Reciplease-RecipleaseTests.release.xcconfig */,
			);
			path = Pods;
			sourceTree = "<group>";
		};
		954420B0422446BB76807269 /* Frameworks */ = {
			isa = PBXGroup;
			children = (
				BD189F8D6BF0FB86ED13636A /* Pods_Reciplease.framework */,
				C90159D9691C470CA38316C6 /* Pods_Reciplease_RecipleaseTests.framework */,
			);
			name = Frameworks;
			sourceTree = "<group>";
		};
		C865A52927887D1A00FF98D0 /* Core Data */ = {
			isa = PBXGroup;
			children = (
				C83BEDCB2791833600370AC7 /* Reciplease.xcdatamodeld */,
				C83BEDD22791D4F000370AC7 /* CoreDataStack.swift */,
				C83BEDD42791DC7600370AC7 /* RecipeEntity.swift */,
			);
			path = "Core Data";
			sourceTree = "<group>";
		};
		C8ADDA7227DF3CFC006D5D17 /* Tool */ = {
			isa = PBXGroup;
			children = (
				C8ADDA7327DF3D16006D5D17 /* Indicator.swift */,
			);
			path = Tool;
			sourceTree = "<group>";
		};
		C8ADE22C27A97FA800D89070 /* RecipleaseTests */ = {
			isa = PBXGroup;
			children = (
				C8ADE23427A9807000D89070 /* CoreDataTestCase.swift */,
				C8ADE23627A980D900D89070 /* EdamamService */,
				C8ADE23D27A9863700D89070 /* UtilsTestCase.swift */,
			);
			path = RecipleaseTests;
			sourceTree = "<group>";
		};
		C8ADE23627A980D900D89070 /* EdamamService */ = {
			isa = PBXGroup;
			children = (
				C8ADE23727A985A200D89070 /* EdamamRecipes.json */,
				C8ADE23927A985D600D89070 /* FakeResponseData.swift */,
				C8ADE23B27A9861D00D89070 /* EdamamServiceTestCase.swift */,
			);
			path = EdamamService;
			sourceTree = "<group>";
		};
		C8E3489F277479E90091D0DE = {
			isa = PBXGroup;
			children = (
				C8E348AA277479E90091D0DE /* Reciplease */,
				C8ADE22C27A97FA800D89070 /* RecipleaseTests */,
				C8E348A9277479E90091D0DE /* Products */,
				76C873934A1C0B53905F64C5 /* Pods */,
				954420B0422446BB76807269 /* Frameworks */,
			);
			sourceTree = "<group>";
		};
		C8E348A9277479E90091D0DE /* Products */ = {
			isa = PBXGroup;
			children = (
				C8E348A8277479E90091D0DE /* Reciplease.app */,
				C8ADE22B27A97FA800D89070 /* RecipleaseTests.xctest */,
			);
			name = Products;
			sourceTree = "<group>";
		};
		C8E348AA277479E90091D0DE /* Reciplease */ = {
			isa = PBXGroup;
			children = (
				C8ADDA7227DF3CFC006D5D17 /* Tool */,
				C8E348CD277F03070091D0DE /* Extension */,
				C8E348C227747B5D0091D0DE /* Supporting files  */,
				C8E348C127747B4F0091D0DE /* Model */,
				C8E348C027747B480091D0DE /* View */,
				C8E348BF27747B3D0091D0DE /* Controller */,
				C8E348B9277479ED0091D0DE /* Info.plist */,
			);
			path = Reciplease;
			sourceTree = "<group>";
		};
		C8E348BF27747B3D0091D0DE /* Controller */ = {
			isa = PBXGroup;
			children = (
				C8E348AF277479E90091D0DE /* SearchViewController.swift */,
				C8E348C9277B706A0091D0DE /* RecipesListViewController.swift */,
				C8E348D0277F0EB80091D0DE /* RecipeDetailViewController.swift */,
				C8ADE22427A9777100D89070 /* RecipesFavoritesViewController.swift */,
			);
			path = Controller;
			sourceTree = "<group>";
		};
		C8E348C027747B480091D0DE /* View */ = {
			isa = PBXGroup;
			children = (
				C8E348DC2783422E0091D0DE /* RecipeCell */,
				C8E348B1277479E90091D0DE /* Main.storyboard */,
				C8E348B6277479ED0091D0DE /* LaunchScreen.storyboard */,
			);
			path = View;
			sourceTree = "<group>";
		};
		C8E348C127747B4F0091D0DE /* Model */ = {
			isa = PBXGroup;
			children = (
				C865A52927887D1A00FF98D0 /* Core Data */,
				C83FEAF627844BF700E063F5 /* Recipes.swift */,
				C816FC8C2785968400B4B4A3 /* Hit.swift */,
				C816FC92278596B600B4B4A3 /* Recipe.swift */,
				C8E348DD278342600091D0DE /* WebService */,
				C865A5272785F18F00FF98D0 /* Utils.swift */,
			);
			path = Model;
			sourceTree = "<group>";
		};
		C8E348C227747B5D0091D0DE /* Supporting files  */ = {
			isa = PBXGroup;
			children = (
				C8E348C52774C0510091D0DE /* FrederickatheGreat-Regular.ttf */,
				C8E348B4277479ED0091D0DE /* Assets.xcassets */,
				C8E348AB277479E90091D0DE /* AppDelegate.swift */,
				C8E348AD277479E90091D0DE /* SceneDelegate.swift */,
				C8E348DA27833D430091D0DE /* APIKey.swift */,
			);
			path = "Supporting files ";
			sourceTree = "<group>";
		};
		C8E348CD277F03070091D0DE /* Extension */ = {
			isa = PBXGroup;
			children = (
				C8E348CE277F031A0091D0DE /* Capitalize.swift */,
				C865A52D278C362800FF98D0 /* Alert.swift */,
			);
			path = Extension;
			sourceTree = "<group>";
		};
		C8E348DC2783422E0091D0DE /* RecipeCell */ = {
			isa = PBXGroup;
			children = (
				C83BEDC4278C8EED00370AC7 /* RecipeTableViewCell.swift */,
				C83BEDC5278C8EED00370AC7 /* RecipeTableViewCell.xib */,
			);
			path = RecipeCell;
			sourceTree = "<group>";
		};
		C8E348DD278342600091D0DE /* WebService */ = {
			isa = PBXGroup;
			children = (
				C8E348D4278330140091D0DE /* EdamamService.swift */,
				C8E348D6278330730091D0DE /* ServiceURL.swift */,
			);
			path = WebService;
			sourceTree = "<group>";
		};
/* End PBXGroup section */

/* Begin PBXNativeTarget section */
		C8ADE22A27A97FA800D89070 /* RecipleaseTests */ = {
			isa = PBXNativeTarget;
			buildConfigurationList = C8ADE23127A97FA800D89070 /* Build configuration list for PBXNativeTarget "RecipleaseTests" */;
			buildPhases = (
				E632495231C0357EC9CD9A63 /* [CP] Check Pods Manifest.lock */,
				C8ADE22727A97FA800D89070 /* Sources */,
				C8ADE22827A97FA800D89070 /* Frameworks */,
				C8ADE22927A97FA800D89070 /* Resources */,
				F8336A6D401A8B17F352F801 /* [CP] Embed Pods Frameworks */,
			);
			buildRules = (
			);
			dependencies = (
				C8ADE23027A97FA800D89070 /* PBXTargetDependency */,
			);
			name = RecipleaseTests;
			productName = RecipleaseTests;
			productReference = C8ADE22B27A97FA800D89070 /* RecipleaseTests.xctest */;
			productType = "com.apple.product-type.bundle.unit-test";
		};
		C8E348A7277479E90091D0DE /* Reciplease */ = {
			isa = PBXNativeTarget;
			buildConfigurationList = C8E348BC277479ED0091D0DE /* Build configuration list for PBXNativeTarget "Reciplease" */;
			buildPhases = (
				557107A062912A71EBDFA31D /* [CP] Check Pods Manifest.lock */,
				C8E348A4277479E90091D0DE /* Sources */,
				C8E348A5277479E90091D0DE /* Frameworks */,
				C8E348A6277479E90091D0DE /* Resources */,
				06ECB6C6982BD60DF47BE312 /* [CP] Embed Pods Frameworks */,
			);
			buildRules = (
			);
			dependencies = (
			);
			name = Reciplease;
			productName = Reciplease;
			productReference = C8E348A8277479E90091D0DE /* Reciplease.app */;
			productType = "com.apple.product-type.application";
		};
/* End PBXNativeTarget section */

/* Begin PBXProject section */
		C8E348A0277479E90091D0DE /* Project object */ = {
			isa = PBXProject;
			attributes = {
				BuildIndependentTargetsInParallel = 1;
				LastSwiftUpdateCheck = 1310;
				LastUpgradeCheck = 1310;
				TargetAttributes = {
					C8ADE22A27A97FA800D89070 = {
						CreatedOnToolsVersion = 13.1;
						TestTargetID = C8E348A7277479E90091D0DE;
					};
					C8E348A7277479E90091D0DE = {
						CreatedOnToolsVersion = 13.1;
					};
				};
			};
			buildConfigurationList = C8E348A3277479E90091D0DE /* Build configuration list for PBXProject "Reciplease" */;
			compatibilityVersion = "Xcode 13.0";
			developmentRegion = en;
			hasScannedForEncodings = 0;
			knownRegions = (
				en,
				Base,
			);
			mainGroup = C8E3489F277479E90091D0DE;
			productRefGroup = C8E348A9277479E90091D0DE /* Products */;
			projectDirPath = "";
			projectRoot = "";
			targets = (
				C8E348A7277479E90091D0DE /* Reciplease */,
				C8ADE22A27A97FA800D89070 /* RecipleaseTests */,
			);
		};
/* End PBXProject section */

/* Begin PBXResourcesBuildPhase section */
		C8ADE22927A97FA800D89070 /* Resources */ = {
			isa = PBXResourcesBuildPhase;
			buildActionMask = 2147483647;
			files = (
				C8ADE23827A985A200D89070 /* EdamamRecipes.json in Resources */,
			);
			runOnlyForDeploymentPostprocessing = 0;
		};
		C8E348A6277479E90091D0DE /* Resources */ = {
			isa = PBXResourcesBuildPhase;
			buildActionMask = 2147483647;
			files = (
				C8E348B8277479ED0091D0DE /* LaunchScreen.storyboard in Resources */,
				C8E348C62774C0510091D0DE /* FrederickatheGreat-Regular.ttf in Resources */,
				C8E348B5277479ED0091D0DE /* Assets.xcassets in Resources */,
				C8E348B3277479E90091D0DE /* Main.storyboard in Resources */,
				C83BEDC7278C8EED00370AC7 /* RecipeTableViewCell.xib in Resources */,
			);
			runOnlyForDeploymentPostprocessing = 0;
		};
/* End PBXResourcesBuildPhase section */

/* Begin PBXShellScriptBuildPhase section */
		06ECB6C6982BD60DF47BE312 /* [CP] Embed Pods Frameworks */ = {
			isa = PBXShellScriptBuildPhase;
			buildActionMask = 2147483647;
			files = (
			);
			inputFileListPaths = (
				"${PODS_ROOT}/Target Support Files/Pods-Reciplease/Pods-Reciplease-frameworks-${CONFIGURATION}-input-files.xcfilelist",
			);
			name = "[CP] Embed Pods Frameworks";
			outputFileListPaths = (
				"${PODS_ROOT}/Target Support Files/Pods-Reciplease/Pods-Reciplease-frameworks-${CONFIGURATION}-output-files.xcfilelist",
			);
			runOnlyForDeploymentPostprocessing = 0;
			shellPath = /bin/sh;
			shellScript = "\"${PODS_ROOT}/Target Support Files/Pods-Reciplease/Pods-Reciplease-frameworks.sh\"\n";
			showEnvVarsInLog = 0;
		};
		557107A062912A71EBDFA31D /* [CP] Check Pods Manifest.lock */ = {
			isa = PBXShellScriptBuildPhase;
			buildActionMask = 2147483647;
			files = (
			);
			inputFileListPaths = (
			);
			inputPaths = (
				"${PODS_PODFILE_DIR_PATH}/Podfile.lock",
				"${PODS_ROOT}/Manifest.lock",
			);
			name = "[CP] Check Pods Manifest.lock";
			outputFileListPaths = (
			);
			outputPaths = (
				"$(DERIVED_FILE_DIR)/Pods-Reciplease-checkManifestLockResult.txt",
			);
			runOnlyForDeploymentPostprocessing = 0;
			shellPath = /bin/sh;
			shellScript = "diff \"${PODS_PODFILE_DIR_PATH}/Podfile.lock\" \"${PODS_ROOT}/Manifest.lock\" > /dev/null\nif [ $? != 0 ] ; then\n    # print error to STDERR\n    echo \"error: The sandbox is not in sync with the Podfile.lock. Run 'pod install' or update your CocoaPods installation.\" >&2\n    exit 1\nfi\n# This output is used by Xcode 'outputs' to avoid re-running this script phase.\necho \"SUCCESS\" > \"${SCRIPT_OUTPUT_FILE_0}\"\n";
			showEnvVarsInLog = 0;
		};
		E632495231C0357EC9CD9A63 /* [CP] Check Pods Manifest.lock */ = {
			isa = PBXShellScriptBuildPhase;
			buildActionMask = 2147483647;
			files = (
			);
			inputFileListPaths = (
			);
			inputPaths = (
				"${PODS_PODFILE_DIR_PATH}/Podfile.lock",
				"${PODS_ROOT}/Manifest.lock",
			);
			name = "[CP] Check Pods Manifest.lock";
			outputFileListPaths = (
			);
			outputPaths = (
				"$(DERIVED_FILE_DIR)/Pods-Reciplease-RecipleaseTests-checkManifestLockResult.txt",
			);
			runOnlyForDeploymentPostprocessing = 0;
			shellPath = /bin/sh;
			shellScript = "diff \"${PODS_PODFILE_DIR_PATH}/Podfile.lock\" \"${PODS_ROOT}/Manifest.lock\" > /dev/null\nif [ $? != 0 ] ; then\n    # print error to STDERR\n    echo \"error: The sandbox is not in sync with the Podfile.lock. Run 'pod install' or update your CocoaPods installation.\" >&2\n    exit 1\nfi\n# This output is used by Xcode 'outputs' to avoid re-running this script phase.\necho \"SUCCESS\" > \"${SCRIPT_OUTPUT_FILE_0}\"\n";
			showEnvVarsInLog = 0;
		};
		F8336A6D401A8B17F352F801 /* [CP] Embed Pods Frameworks */ = {
			isa = PBXShellScriptBuildPhase;
			buildActionMask = 2147483647;
			files = (
			);
			inputFileListPaths = (
				"${PODS_ROOT}/Target Support Files/Pods-Reciplease-RecipleaseTests/Pods-Reciplease-RecipleaseTests-frameworks-${CONFIGURATION}-input-files.xcfilelist",
			);
			name = "[CP] Embed Pods Frameworks";
			outputFileListPaths = (
				"${PODS_ROOT}/Target Support Files/Pods-Reciplease-RecipleaseTests/Pods-Reciplease-RecipleaseTests-frameworks-${CONFIGURATION}-output-files.xcfilelist",
			);
			runOnlyForDeploymentPostprocessing = 0;
			shellPath = /bin/sh;
			shellScript = "\"${PODS_ROOT}/Target Support Files/Pods-Reciplease-RecipleaseTests/Pods-Reciplease-RecipleaseTests-frameworks.sh\"\n";
			showEnvVarsInLog = 0;
		};
/* End PBXShellScriptBuildPhase section */

/* Begin PBXSourcesBuildPhase section */
		C8ADE22727A97FA800D89070 /* Sources */ = {
			isa = PBXSourcesBuildPhase;
			buildActionMask = 2147483647;
			files = (
				C8ADE23527A9807000D89070 /* CoreDataTestCase.swift in Sources */,
				C8ADE23C27A9861D00D89070 /* EdamamServiceTestCase.swift in Sources */,
				C8ADE23A27A985D600D89070 /* FakeResponseData.swift in Sources */,
				C8ADE23E27A9863700D89070 /* UtilsTestCase.swift in Sources */,
			);
			runOnlyForDeploymentPostprocessing = 0;
		};
		C8E348A4277479E90091D0DE /* Sources */ = {
			isa = PBXSourcesBuildPhase;
			buildActionMask = 2147483647;
			files = (
				C8E348CA277B706A0091D0DE /* RecipesListViewController.swift in Sources */,
				C865A52E278C362800FF98D0 /* Alert.swift in Sources */,
				C83BEDC6278C8EED00370AC7 /* RecipeTableViewCell.swift in Sources */,
				C8ADDA7427DF3D16006D5D17 /* Indicator.swift in Sources */,
				C8E348D1277F0EB80091D0DE /* RecipeDetailViewController.swift in Sources */,
				C8E348D5278330140091D0DE /* EdamamService.swift in Sources */,
				C865A5282785F18F00FF98D0 /* Utils.swift in Sources */,
				C8E348DB27833D430091D0DE /* APIKey.swift in Sources */,
				C83BEDD32791D4F000370AC7 /* CoreDataStack.swift in Sources */,
				C8ADE22527A9777100D89070 /* RecipesFavoritesViewController.swift in Sources */,
				C816FC8D2785968400B4B4A3 /* Hit.swift in Sources */,
				C8E348B0277479E90091D0DE /* SearchViewController.swift in Sources */,
				C83FEAF727844BF700E063F5 /* Recipes.swift in Sources */,
				C83BEDCD2791833600370AC7 /* Reciplease.xcdatamodeld in Sources */,
				C816FC93278596B600B4B4A3 /* Recipe.swift in Sources */,
				C8E348D7278330730091D0DE /* ServiceURL.swift in Sources */,
				C8E348CF277F031A0091D0DE /* Capitalize.swift in Sources */,
				C8E348AC277479E90091D0DE /* AppDelegate.swift in Sources */,
				C83BEDD52791DC7600370AC7 /* RecipeEntity.swift in Sources */,
				C8E348AE277479E90091D0DE /* SceneDelegate.swift in Sources */,
			);
			runOnlyForDeploymentPostprocessing = 0;
		};
/* End PBXSourcesBuildPhase section */

/* Begin PBXTargetDependency section */
		C8ADE23027A97FA800D89070 /* PBXTargetDependency */ = {
			isa = PBXTargetDependency;
			target = C8E348A7277479E90091D0DE /* Reciplease */;
			targetProxy = C8ADE22F27A97FA800D89070 /* PBXContainerItemProxy */;
		};
/* End PBXTargetDependency section */

/* Begin PBXVariantGroup section */
		C8E348B1277479E90091D0DE /* Main.storyboard */ = {
			isa = PBXVariantGroup;
			children = (
				C8E348B2277479E90091D0DE /* Base */,
			);
			name = Main.storyboard;
			sourceTree = "<group>";
		};
		C8E348B6277479ED0091D0DE /* LaunchScreen.storyboard */ = {
			isa = PBXVariantGroup;
			children = (
				C8E348B7277479ED0091D0DE /* Base */,
			);
			name = LaunchScreen.storyboard;
			sourceTree = "<group>";
		};
/* End PBXVariantGroup section */

/* Begin XCBuildConfiguration section */
		C8ADE23227A97FA800D89070 /* Debug */ = {
			isa = XCBuildConfiguration;
			baseConfigurationReference = 58D659DBB8C4CE42FE66A897 /* Pods-Reciplease-RecipleaseTests.debug.xcconfig */;
			buildSettings = {
				BUNDLE_LOADER = "$(TEST_HOST)";
				CODE_SIGN_STYLE = Automatic;
				CURRENT_PROJECT_VERSION = 1;
				GENERATE_INFOPLIST_FILE = YES;
				LD_RUNPATH_SEARCH_PATHS = (
					"$(inherited)",
					"@executable_path/Frameworks",
					"@loader_path/Frameworks",
				);
				MARKETING_VERSION = 1.0;
				PRODUCT_BUNDLE_IDENTIFIER = com.david.dasilva.RecipleaseTests;
				PRODUCT_NAME = "$(TARGET_NAME)";
				SWIFT_EMIT_LOC_STRINGS = NO;
				SWIFT_VERSION = 5.0;
				TARGETED_DEVICE_FAMILY = "1,2";
				TEST_HOST = "$(BUILT_PRODUCTS_DIR)/Reciplease.app/Reciplease";
			};
			name = Debug;
		};
		C8ADE23327A97FA800D89070 /* Release */ = {
			isa = XCBuildConfiguration;
			baseConfigurationReference = 5BAAA9D501F58669C5C628D7 /* Pods-Reciplease-RecipleaseTests.release.xcconfig */;
			buildSettings = {
				BUNDLE_LOADER = "$(TEST_HOST)";
				CODE_SIGN_STYLE = Automatic;
				CURRENT_PROJECT_VERSION = 1;
				GENERATE_INFOPLIST_FILE = YES;
				LD_RUNPATH_SEARCH_PATHS = (
					"$(inherited)",
					"@executable_path/Frameworks",
					"@loader_path/Frameworks",
				);
				MARKETING_VERSION = 1.0;
				PRODUCT_BUNDLE_IDENTIFIER = com.david.dasilva.RecipleaseTests;
				PRODUCT_NAME = "$(TARGET_NAME)";
				SWIFT_EMIT_LOC_STRINGS = NO;
				SWIFT_VERSION = 5.0;
				TARGETED_DEVICE_FAMILY = "1,2";
				TEST_HOST = "$(BUILT_PRODUCTS_DIR)/Reciplease.app/Reciplease";
			};
			name = Release;
		};
		C8E348BA277479ED0091D0DE /* Debug */ = {
			isa = XCBuildConfiguration;
			buildSettings = {
				ALWAYS_SEARCH_USER_PATHS = NO;
				CLANG_ANALYZER_NONNULL = YES;
				CLANG_ANALYZER_NUMBER_OBJECT_CONVERSION = YES_AGGRESSIVE;
				CLANG_CXX_LANGUAGE_STANDARD = "gnu++17";
				CLANG_CXX_LIBRARY = "libc++";
				CLANG_ENABLE_MODULES = YES;
				CLANG_ENABLE_OBJC_ARC = YES;
				CLANG_ENABLE_OBJC_WEAK = YES;
				CLANG_WARN_BLOCK_CAPTURE_AUTORELEASING = YES;
				CLANG_WARN_BOOL_CONVERSION = YES;
				CLANG_WARN_COMMA = YES;
				CLANG_WARN_CONSTANT_CONVERSION = YES;
				CLANG_WARN_DEPRECATED_OBJC_IMPLEMENTATIONS = YES;
				CLANG_WARN_DIRECT_OBJC_ISA_USAGE = YES_ERROR;
				CLANG_WARN_DOCUMENTATION_COMMENTS = YES;
				CLANG_WARN_EMPTY_BODY = YES;
				CLANG_WARN_ENUM_CONVERSION = YES;
				CLANG_WARN_INFINITE_RECURSION = YES;
				CLANG_WARN_INT_CONVERSION = YES;
				CLANG_WARN_NON_LITERAL_NULL_CONVERSION = YES;
				CLANG_WARN_OBJC_IMPLICIT_RETAIN_SELF = YES;
				CLANG_WARN_OBJC_LITERAL_CONVERSION = YES;
				CLANG_WARN_OBJC_ROOT_CLASS = YES_ERROR;
				CLANG_WARN_QUOTED_INCLUDE_IN_FRAMEWORK_HEADER = YES;
				CLANG_WARN_RANGE_LOOP_ANALYSIS = YES;
				CLANG_WARN_STRICT_PROTOTYPES = YES;
				CLANG_WARN_SUSPICIOUS_MOVE = YES;
				CLANG_WARN_UNGUARDED_AVAILABILITY = YES_AGGRESSIVE;
				CLANG_WARN_UNREACHABLE_CODE = YES;
				CLANG_WARN__DUPLICATE_METHOD_MATCH = YES;
				COPY_PHASE_STRIP = NO;
				DEBUG_INFORMATION_FORMAT = dwarf;
				ENABLE_STRICT_OBJC_MSGSEND = YES;
				ENABLE_TESTABILITY = YES;
				GCC_C_LANGUAGE_STANDARD = gnu11;
				GCC_DYNAMIC_NO_PIC = NO;
				GCC_NO_COMMON_BLOCKS = YES;
				GCC_OPTIMIZATION_LEVEL = 0;
				GCC_PREPROCESSOR_DEFINITIONS = (
					"DEBUG=1",
					"$(inherited)",
				);
				GCC_WARN_64_TO_32_BIT_CONVERSION = YES;
				GCC_WARN_ABOUT_RETURN_TYPE = YES_ERROR;
				GCC_WARN_UNDECLARED_SELECTOR = YES;
				GCC_WARN_UNINITIALIZED_AUTOS = YES_AGGRESSIVE;
				GCC_WARN_UNUSED_FUNCTION = YES;
				GCC_WARN_UNUSED_VARIABLE = YES;
				IPHONEOS_DEPLOYMENT_TARGET = 15.0;
				MTL_ENABLE_DEBUG_INFO = INCLUDE_SOURCE;
				MTL_FAST_MATH = YES;
				ONLY_ACTIVE_ARCH = YES;
				SDKROOT = iphoneos;
				SWIFT_ACTIVE_COMPILATION_CONDITIONS = DEBUG;
				SWIFT_OPTIMIZATION_LEVEL = "-Onone";
			};
			name = Debug;
		};
		C8E348BB277479ED0091D0DE /* Release */ = {
			isa = XCBuildConfiguration;
			buildSettings = {
				ALWAYS_SEARCH_USER_PATHS = NO;
				CLANG_ANALYZER_NONNULL = YES;
				CLANG_ANALYZER_NUMBER_OBJECT_CONVERSION = YES_AGGRESSIVE;
				CLANG_CXX_LANGUAGE_STANDARD = "gnu++17";
				CLANG_CXX_LIBRARY = "libc++";
				CLANG_ENABLE_MODULES = YES;
				CLANG_ENABLE_OBJC_ARC = YES;
				CLANG_ENABLE_OBJC_WEAK = YES;
				CLANG_WARN_BLOCK_CAPTURE_AUTORELEASING = YES;
				CLANG_WARN_BOOL_CONVERSION = YES;
				CLANG_WARN_COMMA = YES;
				CLANG_WARN_CONSTANT_CONVERSION = YES;
				CLANG_WARN_DEPRECATED_OBJC_IMPLEMENTATIONS = YES;
				CLANG_WARN_DIRECT_OBJC_ISA_USAGE = YES_ERROR;
				CLANG_WARN_DOCUMENTATION_COMMENTS = YES;
				CLANG_WARN_EMPTY_BODY = YES;
				CLANG_WARN_ENUM_CONVERSION = YES;
				CLANG_WARN_INFINITE_RECURSION = YES;
				CLANG_WARN_INT_CONVERSION = YES;
				CLANG_WARN_NON_LITERAL_NULL_CONVERSION = YES;
				CLANG_WARN_OBJC_IMPLICIT_RETAIN_SELF = YES;
				CLANG_WARN_OBJC_LITERAL_CONVERSION = YES;
				CLANG_WARN_OBJC_ROOT_CLASS = YES_ERROR;
				CLANG_WARN_QUOTED_INCLUDE_IN_FRAMEWORK_HEADER = YES;
				CLANG_WARN_RANGE_LOOP_ANALYSIS = YES;
				CLANG_WARN_STRICT_PROTOTYPES = YES;
				CLANG_WARN_SUSPICIOUS_MOVE = YES;
				CLANG_WARN_UNGUARDED_AVAILABILITY = YES_AGGRESSIVE;
				CLANG_WARN_UNREACHABLE_CODE = YES;
				CLANG_WARN__DUPLICATE_METHOD_MATCH = YES;
				COPY_PHASE_STRIP = NO;
				DEBUG_INFORMATION_FORMAT = "dwarf-with-dsym";
				ENABLE_NS_ASSERTIONS = NO;
				ENABLE_STRICT_OBJC_MSGSEND = YES;
				GCC_C_LANGUAGE_STANDARD = gnu11;
				GCC_NO_COMMON_BLOCKS = YES;
				GCC_WARN_64_TO_32_BIT_CONVERSION = YES;
				GCC_WARN_ABOUT_RETURN_TYPE = YES_ERROR;
				GCC_WARN_UNDECLARED_SELECTOR = YES;
				GCC_WARN_UNINITIALIZED_AUTOS = YES_AGGRESSIVE;
				GCC_WARN_UNUSED_FUNCTION = YES;
				GCC_WARN_UNUSED_VARIABLE = YES;
				IPHONEOS_DEPLOYMENT_TARGET = 15.0;
				MTL_ENABLE_DEBUG_INFO = NO;
				MTL_FAST_MATH = YES;
				SDKROOT = iphoneos;
				SWIFT_COMPILATION_MODE = wholemodule;
				SWIFT_OPTIMIZATION_LEVEL = "-O";
				VALIDATE_PRODUCT = YES;
			};
			name = Release;
		};
		C8E348BD277479ED0091D0DE /* Debug */ = {
			isa = XCBuildConfiguration;
			baseConfigurationReference = 71EE8D601E0A1A78AD19EC96 /* Pods-Reciplease.debug.xcconfig */;
			buildSettings = {
				ASSETCATALOG_COMPILER_APPICON_NAME = AppIcon;
				ASSETCATALOG_COMPILER_GLOBAL_ACCENT_COLOR_NAME = AccentColor;
				CODE_SIGN_STYLE = Automatic;
				CURRENT_PROJECT_VERSION = 1;
				DEVELOPMENT_TEAM = 57HD766KQ6;
				GENERATE_INFOPLIST_FILE = YES;
				INFOPLIST_FILE = Reciplease/Info.plist;
				INFOPLIST_KEY_UIApplicationSupportsIndirectInputEvents = YES;
				INFOPLIST_KEY_UILaunchStoryboardName = LaunchScreen;
				INFOPLIST_KEY_UIMainStoryboardFile = Main;
				INFOPLIST_KEY_UISupportedInterfaceOrientations = UIInterfaceOrientationPortrait;
				INFOPLIST_KEY_UISupportedInterfaceOrientations_iPad = "UIInterfaceOrientationPortrait UIInterfaceOrientationPortraitUpsideDown UIInterfaceOrientationLandscapeLeft UIInterfaceOrientationLandscapeRight";
				INFOPLIST_KEY_UISupportedInterfaceOrientations_iPhone = "UIInterfaceOrientationPortrait UIInterfaceOrientationLandscapeLeft UIInterfaceOrientationLandscapeRight";
				IPHONEOS_DEPLOYMENT_TARGET = 15.0;
				LD_RUNPATH_SEARCH_PATHS = (
					"$(inherited)",
					"@executable_path/Frameworks",
				);
				MARKETING_VERSION = 1.0;
				PRODUCT_BUNDLE_IDENTIFIER = com.david.dasilva.Reciplease;
				PRODUCT_NAME = "$(TARGET_NAME)";
				SWIFT_EMIT_LOC_STRINGS = YES;
				SWIFT_VERSION = 5.0;
				TARGETED_DEVICE_FAMILY = 1;
			};
			name = Debug;
		};
		C8E348BE277479ED0091D0DE /* Release */ = {
			isa = XCBuildConfiguration;
			baseConfigurationReference = 2BC80B127BBD1C507ABF1D1A /* Pods-Reciplease.release.xcconfig */;
			buildSettings = {
				ASSETCATALOG_COMPILER_APPICON_NAME = AppIcon;
				ASSETCATALOG_COMPILER_GLOBAL_ACCENT_COLOR_NAME = AccentColor;
				CODE_SIGN_STYLE = Automatic;
				CURRENT_PROJECT_VERSION = 1;
				DEVELOPMENT_TEAM = 57HD766KQ6;
				GENERATE_INFOPLIST_FILE = YES;
				INFOPLIST_FILE = Reciplease/Info.plist;
				INFOPLIST_KEY_UIApplicationSupportsIndirectInputEvents = YES;
				INFOPLIST_KEY_UILaunchStoryboardName = LaunchScreen;
				INFOPLIST_KEY_UIMainStoryboardFile = Main;
				INFOPLIST_KEY_UISupportedInterfaceOrientations = UIInterfaceOrientationPortrait;
				INFOPLIST_KEY_UISupportedInterfaceOrientations_iPad = "UIInterfaceOrientationPortrait UIInterfaceOrientationPortraitUpsideDown UIInterfaceOrientationLandscapeLeft UIInterfaceOrientationLandscapeRight";
				INFOPLIST_KEY_UISupportedInterfaceOrientations_iPhone = "UIInterfaceOrientationPortrait UIInterfaceOrientationLandscapeLeft UIInterfaceOrientationLandscapeRight";
				IPHONEOS_DEPLOYMENT_TARGET = 15.0;
				LD_RUNPATH_SEARCH_PATHS = (
					"$(inherited)",
					"@executable_path/Frameworks",
				);
				MARKETING_VERSION = 1.0;
				PRODUCT_BUNDLE_IDENTIFIER = com.david.dasilva.Reciplease;
				PRODUCT_NAME = "$(TARGET_NAME)";
				SWIFT_EMIT_LOC_STRINGS = YES;
				SWIFT_VERSION = 5.0;
				TARGETED_DEVICE_FAMILY = 1;
			};
			name = Release;
		};
/* End XCBuildConfiguration section */

/* Begin XCConfigurationList section */
		C8ADE23127A97FA800D89070 /* Build configuration list for PBXNativeTarget "RecipleaseTests" */ = {
			isa = XCConfigurationList;
			buildConfigurations = (
				C8ADE23227A97FA800D89070 /* Debug */,
				C8ADE23327A97FA800D89070 /* Release */,
			);
			defaultConfigurationIsVisible = 0;
			defaultConfigurationName = Release;
		};
		C8E348A3277479E90091D0DE /* Build configuration list for PBXProject "Reciplease" */ = {
			isa = XCConfigurationList;
			buildConfigurations = (
				C8E348BA277479ED0091D0DE /* Debug */,
				C8E348BB277479ED0091D0DE /* Release */,
			);
			defaultConfigurationIsVisible = 0;
			defaultConfigurationName = Release;
		};
		C8E348BC277479ED0091D0DE /* Build configuration list for PBXNativeTarget "Reciplease" */ = {
			isa = XCConfigurationList;
			buildConfigurations = (
				C8E348BD277479ED0091D0DE /* Debug */,
				C8E348BE277479ED0091D0DE /* Release */,
			);
			defaultConfigurationIsVisible = 0;
			defaultConfigurationName = Release;
		};
/* End XCConfigurationList section */

/* Begin XCVersionGroup section */
		C83BEDCB2791833600370AC7 /* Reciplease.xcdatamodeld */ = {
			isa = XCVersionGroup;
			children = (
				C83BEDCC2791833600370AC7 /* Reciplease.xcdatamodel */,
			);
			currentVersion = C83BEDCC2791833600370AC7 /* Reciplease.xcdatamodel */;
			path = Reciplease.xcdatamodeld;
			sourceTree = "<group>";
			versionGroupType = wrapper.xcdatamodel;
		};
/* End XCVersionGroup section */
	};
	rootObject = C8E348A0277479E90091D0DE /* Project object */;
}
